// !$*UTF8*$!
{
	archiveVersion = 1;
	classes = {
	};
	objectVersion = 52;
	objects = {

/* Begin PBXBuildFile section */
		3E8B251823CF90B8004744E6 /* AppDelegate.swift in Sources */ = {isa = PBXBuildFile; fileRef = 3E8B251723CF90B8004744E6 /* AppDelegate.swift */; };
		3E8B251A23CF90B8004744E6 /* SceneDelegate.swift in Sources */ = {isa = PBXBuildFile; fileRef = 3E8B251923CF90B8004744E6 /* SceneDelegate.swift */; };
		3E8B251F23CF90B8004744E6 /* Main.storyboard in Resources */ = {isa = PBXBuildFile; fileRef = 3E8B251D23CF90B8004744E6 /* Main.storyboard */; };
		3E8B252123CF90BD004744E6 /* Assets.xcassets in Resources */ = {isa = PBXBuildFile; fileRef = 3E8B252023CF90BD004744E6 /* Assets.xcassets */; };
		3E8B252423CF90BD004744E6 /* LaunchScreen.storyboard in Resources */ = {isa = PBXBuildFile; fileRef = 3E8B252223CF90BD004744E6 /* LaunchScreen.storyboard */; };
		3E8B252F23CF90BE004744E6 /* Horoscope2Tests.swift in Sources */ = {isa = PBXBuildFile; fileRef = 3E8B252E23CF90BE004744E6 /* Horoscope2Tests.swift */; };
		3E8B253B23CF923A004744E6 /* ImageKit in Frameworks */ = {isa = PBXBuildFile; productRef = 3E8B253A23CF923A004744E6 /* ImageKit */; };
		3E90603423D08B3600E4552F /* Horoscope.swift in Sources */ = {isa = PBXBuildFile; fileRef = 3E90603323D08B3600E4552F /* Horoscope.swift */; };
		3E90603623D08BE400E4552F /* HoroscopeAPI.swift in Sources */ = {isa = PBXBuildFile; fileRef = 3E90603523D08BE400E4552F /* HoroscopeAPI.swift */; };
		3E90603823D0CD6000E4552F /* HoroscopeCell.swift in Sources */ = {isa = PBXBuildFile; fileRef = 3E90603723D0CD6000E4552F /* HoroscopeCell.swift */; };
		3E90603A23D0DAF000E4552F /* NameCell.swift in Sources */ = {isa = PBXBuildFile; fileRef = 3E90603923D0DAF000E4552F /* NameCell.swift */; };
		3EF65D1723CFCA04008849D8 /* UserInfoTVC.swift in Sources */ = {isa = PBXBuildFile; fileRef = 3EF65D1623CFCA04008849D8 /* UserInfoTVC.swift */; };
/* End PBXBuildFile section */

/* Begin PBXContainerItemProxy section */
		3E8B252B23CF90BE004744E6 /* PBXContainerItemProxy */ = {
			isa = PBXContainerItemProxy;
			containerPortal = 3E8B250C23CF90B8004744E6 /* Project object */;
			proxyType = 1;
			remoteGlobalIDString = 3E8B251323CF90B8004744E6;
			remoteInfo = Horoscope2;
		};
/* End PBXContainerItemProxy section */

/* Begin PBXFileReference section */
		3E8B251423CF90B8004744E6 /* Horoscope2.app */ = {isa = PBXFileReference; explicitFileType = wrapper.application; includeInIndex = 0; path = Horoscope2.app; sourceTree = BUILT_PRODUCTS_DIR; };
		3E8B251723CF90B8004744E6 /* AppDelegate.swift */ = {isa = PBXFileReference; lastKnownFileType = sourcecode.swift; path = AppDelegate.swift; sourceTree = "<group>"; };
		3E8B251923CF90B8004744E6 /* SceneDelegate.swift */ = {isa = PBXFileReference; lastKnownFileType = sourcecode.swift; path = SceneDelegate.swift; sourceTree = "<group>"; };
		3E8B251E23CF90B8004744E6 /* Base */ = {isa = PBXFileReference; lastKnownFileType = file.storyboard; name = Base; path = Base.lproj/Main.storyboard; sourceTree = "<group>"; };
		3E8B252023CF90BD004744E6 /* Assets.xcassets */ = {isa = PBXFileReference; lastKnownFileType = folder.assetcatalog; path = Assets.xcassets; sourceTree = "<group>"; };
		3E8B252323CF90BD004744E6 /* Base */ = {isa = PBXFileReference; lastKnownFileType = file.storyboard; name = Base; path = Base.lproj/LaunchScreen.storyboard; sourceTree = "<group>"; };
		3E8B252523CF90BD004744E6 /* Info.plist */ = {isa = PBXFileReference; lastKnownFileType = text.plist.xml; path = Info.plist; sourceTree = "<group>"; };
		3E8B252A23CF90BE004744E6 /* Horoscope2Tests.xctest */ = {isa = PBXFileReference; explicitFileType = wrapper.cfbundle; includeInIndex = 0; path = Horoscope2Tests.xctest; sourceTree = BUILT_PRODUCTS_DIR; };
		3E8B252E23CF90BE004744E6 /* Horoscope2Tests.swift */ = {isa = PBXFileReference; lastKnownFileType = sourcecode.swift; path = Horoscope2Tests.swift; sourceTree = "<group>"; };
		3E8B253023CF90BE004744E6 /* Info.plist */ = {isa = PBXFileReference; lastKnownFileType = text.plist.xml; path = Info.plist; sourceTree = "<group>"; };
		3E90603323D08B3600E4552F /* Horoscope.swift */ = {isa = PBXFileReference; lastKnownFileType = sourcecode.swift; path = Horoscope.swift; sourceTree = "<group>"; };
		3E90603523D08BE400E4552F /* HoroscopeAPI.swift */ = {isa = PBXFileReference; lastKnownFileType = sourcecode.swift; path = HoroscopeAPI.swift; sourceTree = "<group>"; };
		3E90603723D0CD6000E4552F /* HoroscopeCell.swift */ = {isa = PBXFileReference; lastKnownFileType = sourcecode.swift; path = HoroscopeCell.swift; sourceTree = "<group>"; };
		3E90603923D0DAF000E4552F /* NameCell.swift */ = {isa = PBXFileReference; lastKnownFileType = sourcecode.swift; path = NameCell.swift; sourceTree = "<group>"; };
		3EF65D1623CFCA04008849D8 /* UserInfoTVC.swift */ = {isa = PBXFileReference; lastKnownFileType = sourcecode.swift; path = UserInfoTVC.swift; sourceTree = "<group>"; };
/* End PBXFileReference section */

/* Begin PBXFrameworksBuildPhase section */
		3E8B251123CF90B8004744E6 /* Frameworks */ = {
			isa = PBXFrameworksBuildPhase;
			buildActionMask = 2147483647;
			files = (
				3E8B253B23CF923A004744E6 /* ImageKit in Frameworks */,
			);
			runOnlyForDeploymentPostprocessing = 0;
		};
		3E8B252723CF90BE004744E6 /* Frameworks */ = {
			isa = PBXFrameworksBuildPhase;
			buildActionMask = 2147483647;
			files = (
			);
			runOnlyForDeploymentPostprocessing = 0;
		};
/* End PBXFrameworksBuildPhase section */

/* Begin PBXGroup section */
		3E8B250B23CF90B8004744E6 = {
			isa = PBXGroup;
			children = (
				3E8B251623CF90B8004744E6 /* Horoscope2 */,
				3E8B252D23CF90BE004744E6 /* Horoscope2Tests */,
				3E8B251523CF90B8004744E6 /* Products */,
			);
			sourceTree = "<group>";
		};
		3E8B251523CF90B8004744E6 /* Products */ = {
			isa = PBXGroup;
			children = (
				3E8B251423CF90B8004744E6 /* Horoscope2.app */,
				3E8B252A23CF90BE004744E6 /* Horoscope2Tests.xctest */,
			);
			name = Products;
			sourceTree = "<group>";
		};
		3E8B251623CF90B8004744E6 /* Horoscope2 */ = {
			isa = PBXGroup;
			children = (
				3E8B251723CF90B8004744E6 /* AppDelegate.swift */,
				3E8B251923CF90B8004744E6 /* SceneDelegate.swift */,
				3E8B251D23CF90B8004744E6 /* Main.storyboard */,
				3EF65D1623CFCA04008849D8 /* UserInfoTVC.swift */,
				3E90603523D08BE400E4552F /* HoroscopeAPI.swift */,
				3E90603323D08B3600E4552F /* Horoscope.swift */,
				3E90603723D0CD6000E4552F /* HoroscopeCell.swift */,
				3E90603923D0DAF000E4552F /* NameCell.swift */,
				3E8B252023CF90BD004744E6 /* Assets.xcassets */,
				3E8B252223CF90BD004744E6 /* LaunchScreen.storyboard */,
				3E8B252523CF90BD004744E6 /* Info.plist */,
			);
			path = Horoscope2;
			sourceTree = "<group>";
		};
		3E8B252D23CF90BE004744E6 /* Horoscope2Tests */ = {
			isa = PBXGroup;
			children = (
				3E8B252E23CF90BE004744E6 /* Horoscope2Tests.swift */,
				3E8B253023CF90BE004744E6 /* Info.plist */,
			);
			path = Horoscope2Tests;
			sourceTree = "<group>";
		};
/* End PBXGroup section */

/* Begin PBXNativeTarget section */
		3E8B251323CF90B8004744E6 /* Horoscope2 */ = {
			isa = PBXNativeTarget;
			buildConfigurationList = 3E8B253323CF90BE004744E6 /* Build configuration list for PBXNativeTarget "Horoscope2" */;
			buildPhases = (
				3E8B251023CF90B8004744E6 /* Sources */,
				3E8B251123CF90B8004744E6 /* Frameworks */,
				3E8B251223CF90B8004744E6 /* Resources */,
			);
			buildRules = (
			);
			dependencies = (
			);
			name = Horoscope2;
			packageProductDependencies = (
				3E8B253A23CF923A004744E6 /* ImageKit */,
			);
			productName = Horoscope2;
			productReference = 3E8B251423CF90B8004744E6 /* Horoscope2.app */;
			productType = "com.apple.product-type.application";
		};
		3E8B252923CF90BE004744E6 /* Horoscope2Tests */ = {
			isa = PBXNativeTarget;
			buildConfigurationList = 3E8B253623CF90BE004744E6 /* Build configuration list for PBXNativeTarget "Horoscope2Tests" */;
			buildPhases = (
				3E8B252623CF90BE004744E6 /* Sources */,
				3E8B252723CF90BE004744E6 /* Frameworks */,
				3E8B252823CF90BE004744E6 /* Resources */,
			);
			buildRules = (
			);
			dependencies = (
				3E8B252C23CF90BE004744E6 /* PBXTargetDependency */,
			);
			name = Horoscope2Tests;
			productName = Horoscope2Tests;
			productReference = 3E8B252A23CF90BE004744E6 /* Horoscope2Tests.xctest */;
			productType = "com.apple.product-type.bundle.unit-test";
		};
/* End PBXNativeTarget section */

/* Begin PBXProject section */
		3E8B250C23CF90B8004744E6 /* Project object */ = {
			isa = PBXProject;
			attributes = {
				LastSwiftUpdateCheck = 1130;
				LastUpgradeCheck = 1130;
				ORGANIZATIONNAME = "Juan Ceballos";
				TargetAttributes = {
					3E8B251323CF90B8004744E6 = {
						CreatedOnToolsVersion = 11.3;
					};
					3E8B252923CF90BE004744E6 = {
						CreatedOnToolsVersion = 11.3;
						TestTargetID = 3E8B251323CF90B8004744E6;
					};
				};
			};
			buildConfigurationList = 3E8B250F23CF90B8004744E6 /* Build configuration list for PBXProject "Horoscope2" */;
			compatibilityVersion = "Xcode 9.3";
			developmentRegion = en;
			hasScannedForEncodings = 0;
			knownRegions = (
				en,
				Base,
			);
			mainGroup = 3E8B250B23CF90B8004744E6;
			packageReferences = (
				3E8B253923CF923A004744E6 /* XCRemoteSwiftPackageReference "ImageKit" */,
			);
			productRefGroup = 3E8B251523CF90B8004744E6 /* Products */;
			projectDirPath = "";
			projectRoot = "";
			targets = (
				3E8B251323CF90B8004744E6 /* Horoscope2 */,
				3E8B252923CF90BE004744E6 /* Horoscope2Tests */,
			);
		};
/* End PBXProject section */

/* Begin PBXResourcesBuildPhase section */
		3E8B251223CF90B8004744E6 /* Resources */ = {
			isa = PBXResourcesBuildPhase;
			buildActionMask = 2147483647;
			files = (
				3E8B252423CF90BD004744E6 /* LaunchScreen.storyboard in Resources */,
				3E8B252123CF90BD004744E6 /* Assets.xcassets in Resources */,
				3E8B251F23CF90B8004744E6 /* Main.storyboard in Resources */,
			);
			runOnlyForDeploymentPostprocessing = 0;
		};
		3E8B252823CF90BE004744E6 /* Resources */ = {
			isa = PBXResourcesBuildPhase;
			buildActionMask = 2147483647;
			files = (
			);
			runOnlyForDeploymentPostprocessing = 0;
		};
/* End PBXResourcesBuildPhase section */

/* Begin PBXSourcesBuildPhase section */
		3E8B251023CF90B8004744E6 /* Sources */ = {
			isa = PBXSourcesBuildPhase;
			buildActionMask = 2147483647;
			files = (
				3E90603823D0CD6000E4552F /* HoroscopeCell.swift in Sources */,
				3E90603423D08B3600E4552F /* Horoscope.swift in Sources */,
				3E90603A23D0DAF000E4552F /* NameCell.swift in Sources */,
				3E8B251823CF90B8004744E6 /* AppDelegate.swift in Sources */,
				3EF65D1723CFCA04008849D8 /* UserInfoTVC.swift in Sources */,
				3E90603623D08BE400E4552F /* HoroscopeAPI.swift in Sources */,
				3E8B251A23CF90B8004744E6 /* SceneDelegate.swift in Sources */,
			);
			runOnlyForDeploymentPostprocessing = 0;
		};
		3E8B252623CF90BE004744E6 /* Sources */ = {
			isa = PBXSourcesBuildPhase;
			buildActionMask = 2147483647;
			files = (
				3E8B252F23CF90BE004744E6 /* Horoscope2Tests.swift in Sources */,
			);
			runOnlyForDeploymentPostprocessing = 0;
		};
/* End PBXSourcesBuildPhase section */

/* Begin PBXTargetDependency section */
		3E8B252C23CF90BE004744E6 /* PBXTargetDependency */ = {
			isa = PBXTargetDependency;
			target = 3E8B251323CF90B8004744E6 /* Horoscope2 */;
			targetProxy = 3E8B252B23CF90BE004744E6 /* PBXContainerItemProxy */;
		};
/* End PBXTargetDependency section */

/* Begin PBXVariantGroup section */
		3E8B251D23CF90B8004744E6 /* Main.storyboard */ = {
			isa = PBXVariantGroup;
			children = (
				3E8B251E23CF90B8004744E6 /* Base */,
			);
			name = Main.storyboard;
			sourceTree = "<group>";
		};
		3E8B252223CF90BD004744E6 /* LaunchScreen.storyboard */ = {
			isa = PBXVariantGroup;
			children = (
				3E8B252323CF90BD004744E6 /* Base */,
			);
			name = LaunchScreen.storyboard;
			sourceTree = "<group>";
		};
/* End PBXVariantGroup section */

/* Begin XCBuildConfiguration section */
		3E8B253123CF90BE004744E6 /* Debug */ = {
			isa = XCBuildConfiguration;
			buildSettings = {
				ALWAYS_SEARCH_USER_PATHS = NO;
				CLANG_ANALYZER_NONNULL = YES;
				CLANG_ANALYZER_NUMBER_OBJECT_CONVERSION = YES_AGGRESSIVE;
				CLANG_CXX_LANGUAGE_STANDARD = "gnu++14";
				CLANG_CXX_LIBRARY = "libc++";
				CLANG_ENABLE_MODULES = YES;
				CLANG_ENABLE_OBJC_ARC = YES;
				CLANG_ENABLE_OBJC_WEAK = YES;
				CLANG_WARN_BLOCK_CAPTURE_AUTORELEASING = YES;
				CLANG_WARN_BOOL_CONVERSION = YES;
				CLANG_WARN_COMMA = YES;
				CLANG_WARN_CONSTANT_CONVERSION = YES;
				CLANG_WARN_DEPRECATED_OBJC_IMPLEMENTATIONS = YES;
				CLANG_WARN_DIRECT_OBJC_ISA_USAGE = YES_ERROR;
				CLANG_WARN_DOCUMENTATION_COMMENTS = YES;
				CLANG_WARN_EMPTY_BODY = YES;
				CLANG_WARN_ENUM_CONVERSION = YES;
				CLANG_WARN_INFINITE_RECURSION = YES;
				CLANG_WARN_INT_CONVERSION = YES;
				CLANG_WARN_NON_LITERAL_NULL_CONVERSION = YES;
				CLANG_WARN_OBJC_IMPLICIT_RETAIN_SELF = YES;
				CLANG_WARN_OBJC_LITERAL_CONVERSION = YES;
				CLANG_WARN_OBJC_ROOT_CLASS = YES_ERROR;
				CLANG_WARN_RANGE_LOOP_ANALYSIS = YES;
				CLANG_WARN_STRICT_PROTOTYPES = YES;
				CLANG_WARN_SUSPICIOUS_MOVE = YES;
				CLANG_WARN_UNGUARDED_AVAILABILITY = YES_AGGRESSIVE;
				CLANG_WARN_UNREACHABLE_CODE = YES;
				CLANG_WARN__DUPLICATE_METHOD_MATCH = YES;
				COPY_PHASE_STRIP = NO;
				DEBUG_INFORMATION_FORMAT = dwarf;
				ENABLE_STRICT_OBJC_MSGSEND = YES;
				ENABLE_TESTABILITY = YES;
				GCC_C_LANGUAGE_STANDARD = gnu11;
				GCC_DYNAMIC_NO_PIC = NO;
				GCC_NO_COMMON_BLOCKS = YES;
				GCC_OPTIMIZATION_LEVEL = 0;
				GCC_PREPROCESSOR_DEFINITIONS = (
					"DEBUG=1",
					"$(inherited)",
				);
				GCC_WARN_64_TO_32_BIT_CONVERSION = YES;
				GCC_WARN_ABOUT_RETURN_TYPE = YES_ERROR;
				GCC_WARN_UNDECLARED_SELECTOR = YES;
				GCC_WARN_UNINITIALIZED_AUTOS = YES_AGGRESSIVE;
				GCC_WARN_UNUSED_FUNCTION = YES;
				GCC_WARN_UNUSED_VARIABLE = YES;
				IPHONEOS_DEPLOYMENT_TARGET = 13.2;
				MTL_ENABLE_DEBUG_INFO = INCLUDE_SOURCE;
				MTL_FAST_MATH = YES;
				ONLY_ACTIVE_ARCH = YES;
				SDKROOT = iphoneos;
				SWIFT_ACTIVE_COMPILATION_CONDITIONS = DEBUG;
				SWIFT_OPTIMIZATION_LEVEL = "-Onone";
			};
			name = Debug;
		};
		3E8B253223CF90BE004744E6 /* Release */ = {
			isa = XCBuildConfiguration;
			buildSettings = {
				ALWAYS_SEARCH_USER_PATHS = NO;
				CLANG_ANALYZER_NONNULL = YES;
				CLANG_ANALYZER_NUMBER_OBJECT_CONVERSION = YES_AGGRESSIVE;
				CLANG_CXX_LANGUAGE_STANDARD = "gnu++14";
				CLANG_CXX_LIBRARY = "libc++";
				CLANG_ENABLE_MODULES = YES;
				CLANG_ENABLE_OBJC_ARC = YES;
				CLANG_ENABLE_OBJC_WEAK = YES;
				CLANG_WARN_BLOCK_CAPTURE_AUTORELEASING = YES;
				CLANG_WARN_BOOL_CONVERSION = YES;
				CLANG_WARN_COMMA = YES;
				CLANG_WARN_CONSTANT_CONVERSION = YES;
				CLANG_WARN_DEPRECATED_OBJC_IMPLEMENTATIONS = YES;
				CLANG_WARN_DIRECT_OBJC_ISA_USAGE = YES_ERROR;
				CLANG_WARN_DOCUMENTATION_COMMENTS = YES;
				CLANG_WARN_EMPTY_BODY = YES;
				CLANG_WARN_ENUM_CONVERSION = YES;
				CLANG_WARN_INFINITE_RECURSION = YES;
				CLANG_WARN_INT_CONVERSION = YES;
				CLANG_WARN_NON_LITERAL_NULL_CONVERSION = YES;
				CLANG_WARN_OBJC_IMPLICIT_RETAIN_SELF = YES;
				CLANG_WARN_OBJC_LITERAL_CONVERSION = YES;
				CLANG_WARN_OBJC_ROOT_CLASS = YES_ERROR;
				CLANG_WARN_RANGE_LOOP_ANALYSIS = YES;
				CLANG_WARN_STRICT_PROTOTYPES = YES;
				CLANG_WARN_SUSPICIOUS_MOVE = YES;
				CLANG_WARN_UNGUARDED_AVAILABILITY = YES_AGGRESSIVE;
				CLANG_WARN_UNREACHABLE_CODE = YES;
				CLANG_WARN__DUPLICATE_METHOD_MATCH = YES;
				COPY_PHASE_STRIP = NO;
				DEBUG_INFORMATION_FORMAT = "dwarf-with-dsym";
				ENABLE_NS_ASSERTIONS = NO;
				ENABLE_STRICT_OBJC_MSGSEND = YES;
				GCC_C_LANGUAGE_STANDARD = gnu11;
				GCC_NO_COMMON_BLOCKS = YES;
				GCC_WARN_64_TO_32_BIT_CONVERSION = YES;
				GCC_WARN_ABOUT_RETURN_TYPE = YES_ERROR;
				GCC_WARN_UNDECLARED_SELECTOR = YES;
				GCC_WARN_UNINITIALIZED_AUTOS = YES_AGGRESSIVE;
				GCC_WARN_UNUSED_FUNCTION = YES;
				GCC_WARN_UNUSED_VARIABLE = YES;
				IPHONEOS_DEPLOYMENT_TARGET = 13.2;
				MTL_ENABLE_DEBUG_INFO = NO;
				MTL_FAST_MATH = YES;
				SDKROOT = iphoneos;
				SWIFT_COMPILATION_MODE = wholemodule;
				SWIFT_OPTIMIZATION_LEVEL = "-O";
				VALIDATE_PRODUCT = YES;
			};
			name = Release;
		};
		3E8B253423CF90BE004744E6 /* Debug */ = {
			isa = XCBuildConfiguration;
			buildSettings = {
				ASSETCATALOG_COMPILER_APPICON_NAME = AppIcon;
				CODE_SIGN_STYLE = Automatic;
				DEVELOPMENT_TEAM = 6UA5RNM528;
				INFOPLIST_FILE = Horoscope2/Info.plist;
				LD_RUNPATH_SEARCH_PATHS = (
					"$(inherited)",
					"@executable_path/Frameworks",
				);
				PRODUCT_BUNDLE_IDENTIFIER = org.pursuit.Horoscope2;
				PRODUCT_NAME = "$(TARGET_NAME)";
				SWIFT_VERSION = 5.0;
				TARGETED_DEVICE_FAMILY = "1,2";
			};
			name = Debug;
		};
		3E8B253523CF90BE004744E6 /* Release */ = {
			isa = XCBuildConfiguration;
			buildSettings = {
				ASSETCATALOG_COMPILER_APPICON_NAME = AppIcon;
				CODE_SIGN_STYLE = Automatic;
				DEVELOPMENT_TEAM = 6UA5RNM528;
				INFOPLIST_FILE = Horoscope2/Info.plist;
				LD_RUNPATH_SEARCH_PATHS = (
					"$(inherited)",
					"@executable_path/Frameworks",
				);
				PRODUCT_BUNDLE_IDENTIFIER = org.pursuit.Horoscope2;
				PRODUCT_NAME = "$(TARGET_NAME)";
				SWIFT_VERSION = 5.0;
				TARGETED_DEVICE_FAMILY = "1,2";
			};
			name = Release;
		};
		3E8B253723CF90BE004744E6 /* Debug */ = {
			isa = XCBuildConfiguration;
			buildSettings = {
				ALWAYS_EMBED_SWIFT_STANDARD_LIBRARIES = YES;
				BUNDLE_LOADER = "$(TEST_HOST)";
				CODE_SIGN_STYLE = Automatic;
				DEVELOPMENT_TEAM = 6UA5RNM528;
				INFOPLIST_FILE = Horoscope2Tests/Info.plist;
				IPHONEOS_DEPLOYMENT_TARGET = 13.2;
				LD_RUNPATH_SEARCH_PATHS = (
					"$(inherited)",
					"@executable_path/Frameworks",
					"@loader_path/Frameworks",
				);
				PRODUCT_BUNDLE_IDENTIFIER = org.pursuit.Horoscope2Tests;
				PRODUCT_NAME = "$(TARGET_NAME)";
				SWIFT_VERSION = 5.0;
				TARGETED_DEVICE_FAMILY = "1,2";
				TEST_HOST = "$(BUILT_PRODUCTS_DIR)/Horoscope2.app/Horoscope2";
			};
			name = Debug;
		};
		3E8B253823CF90BE004744E6 /* Release */ = {
			isa = XCBuildConfiguration;
			buildSettings = {
				ALWAYS_EMBED_SWIFT_STANDARD_LIBRARIES = YES;
				BUNDLE_LOADER = "$(TEST_HOST)";
				CODE_SIGN_STYLE = Automatic;
				DEVELOPMENT_TEAM = 6UA5RNM528;
				INFOPLIST_FILE = Horoscope2Tests/Info.plist;
				IPHONEOS_DEPLOYMENT_TARGET = 13.2;
				LD_RUNPATH_SEARCH_PATHS = (
					"$(inherited)",
					"@executable_path/Frameworks",
					"@loader_path/Frameworks",
				);
				PRODUCT_BUNDLE_IDENTIFIER = org.pursuit.Horoscope2Tests;
				PRODUCT_NAME = "$(TARGET_NAME)";
				SWIFT_VERSION = 5.0;
				TARGETED_DEVICE_FAMILY = "1,2";
				TEST_HOST = "$(BUILT_PRODUCTS_DIR)/Horoscope2.app/Horoscope2";
			};
			name = Release;
		};
/* End XCBuildConfiguration section */

/* Begin XCConfigurationList section */
		3E8B250F23CF90B8004744E6 /* Build configuration list for PBXProject "Horoscope2" */ = {
			isa = XCConfigurationList;
			buildConfigurations = (
				3E8B253123CF90BE004744E6 /* Debug */,
				3E8B253223CF90BE004744E6 /* Release */,
			);
			defaultConfigurationIsVisible = 0;
			defaultConfigurationName = Release;
		};
		3E8B253323CF90BE004744E6 /* Build configuration list for PBXNativeTarget "Horoscope2" */ = {
			isa = XCConfigurationList;
			buildConfigurations = (
				3E8B253423CF90BE004744E6 /* Debug */,
				3E8B253523CF90BE004744E6 /* Release */,
			);
			defaultConfigurationIsVisible = 0;
			defaultConfigurationName = Release;
		};
		3E8B253623CF90BE004744E6 /* Build configuration list for PBXNativeTarget "Horoscope2Tests" */ = {
			isa = XCConfigurationList;
			buildConfigurations = (
				3E8B253723CF90BE004744E6 /* Debug */,
				3E8B253823CF90BE004744E6 /* Release */,
			);
			defaultConfigurationIsVisible = 0;
			defaultConfigurationName = Release;
		};
/* End XCConfigurationList section */

/* Begin XCRemoteSwiftPackageReference section */
		3E8B253923CF923A004744E6 /* XCRemoteSwiftPackageReference "ImageKit" */ = {
			isa = XCRemoteSwiftPackageReference;
			repositoryURL = "https://github.com/alexpaul/ImageKit";
			requirement = {
				kind = upToNextMajorVersion;
				minimumVersion = 1.0.4;
			};
		};
/* End XCRemoteSwiftPackageReference section */

/* Begin XCSwiftPackageProductDependency section */
		3E8B253A23CF923A004744E6 /* ImageKit */ = {
			isa = XCSwiftPackageProductDependency;
			package = 3E8B253923CF923A004744E6 /* XCRemoteSwiftPackageReference "ImageKit" */;
			productName = ImageKit;
		};
/* End XCSwiftPackageProductDependency section */
	};
	rootObject = 3E8B250C23CF90B8004744E6 /* Project object */;
}
